PODS:
  - RxBlocking (3.0.0-beta.1):
    - RxSwift (~> 3.0.0-beta.1)
  - RxCocoa (3.0.0-beta.1):
    - RxSwift (~> 3.0.0-beta.1)
  - RxSwift (3.0.0-beta.1)

DEPENDENCIES:
  - RxBlocking (~> 3.0.0-beta.1)
  - RxCocoa (~> 3.0.0-beta.1)
  - RxSwift (~> 3.0.0-beta.1)

SPEC CHECKSUMS:
  RxBlocking: 422944880fe63b432c459dc87be7c8178dcf45f3
  RxCocoa: 8cecf331302b8ae5381bbab1bccba4ede2eae6a8
  RxSwift: 0823e8d7969c23bfa9ddfb2afa4881e424a1a710

PODFILE CHECKSUM: c007f579cb82d2993e680b8e92f63dc61bd8c2bf

COCOAPODS: 1.0.0.beta.3
